
Microsoft Visual Studio Solution File, Format Version 12.00
# Visual Studio Version 17
VisualStudioVersion = 17.0.31903.59
MinimumVisualStudioVersion = 10.0.40219.1
Project("{9A19103F-16F7-4668-BE54-9A1E7A4F7556}") = "DuelSysWebApp", "DuelSysWebApp\DuelSysWebApp.csproj", "{3CBCEC39-D25F-4487-AB30-6F34118F742C}"
EndProject
Project("{9A19103F-16F7-4668-BE54-9A1E7A4F7556}") = "ClassLibrary", "ClassLibraryDuelSys\ClassLibrary.csproj", "{2B449349-2991-497F-A5E0-CE032D86CA99}"
EndProject
Project("{9A19103F-16F7-4668-BE54-9A1E7A4F7556}") = "WinFormsApp1", "WinFormsApp1\WinFormsApp1.csproj", "{1167A072-B54C-41BE-909C-45252FA51AB0}"
EndProject
Project("{9A19103F-16F7-4668-BE54-9A1E7A4F7556}") = "ClassLibTest", "TestProject1\ClassLibTest.csproj", "{2CCBBC42-1252-4E15-A16F-E0F802977FB7}"
EndProject
Global
	GlobalSection(SolutionConfigurationPlatforms) = preSolution
		Debug|Any CPU = Debug|Any CPU
		Release|Any CPU = Release|Any CPU
	EndGlobalSection
	GlobalSection(ProjectConfigurationPlatforms) = postSolution
		{3CBCEC39-D25F-4487-AB30-6F34118F742C}.Debug|Any CPU.ActiveCfg = Debug|Any CPU
		{3CBCEC39-D25F-4487-AB30-6F34118F742C}.Debug|Any CPU.Build.0 = Debug|Any CPU
		{3CBCEC39-D25F-4487-AB30-6F34118F742C}.Release|Any CPU.ActiveCfg = Release|Any CPU
		{3CBCEC39-D25F-4487-AB30-6F34118F742C}.Release|Any CPU.Build.0 = Release|Any CPU
		{2B449349-2991-497F-A5E0-CE032D86CA99}.Debug|Any CPU.ActiveCfg = Debug|Any CPU
		{2B449349-2991-497F-A5E0-CE032D86CA99}.Debug|Any CPU.Build.0 = Debug|Any CPU
		{2B449349-2991-497F-A5E0-CE032D86CA99}.Release|Any CPU.ActiveCfg = Release|Any CPU
		{2B449349-2991-497F-A5E0-CE032D86CA99}.Release|Any CPU.Build.0 = Release|Any CPU
		{1167A072-B54C-41BE-909C-45252FA51AB0}.Debug|Any CPU.ActiveCfg = Debug|Any CPU
		{1167A072-B54C-41BE-909C-45252FA51AB0}.Debug|Any CPU.Build.0 = Debug|Any CPU
		{1167A072-B54C-41BE-909C-45252FA51AB0}.Release|Any CPU.ActiveCfg = Release|Any CPU
		{1167A072-B54C-41BE-909C-45252FA51AB0}.Release|Any CPU.Build.0 = Release|Any CPU
		{2CCBBC42-1252-4E15-A16F-E0F802977FB7}.Debug|Any CPU.ActiveCfg = Debug|Any CPU
		{2CCBBC42-1252-4E15-A16F-E0F802977FB7}.Debug|Any CPU.Build.0 = Debug|Any CPU
		{2CCBBC42-1252-4E15-A16F-E0F802977FB7}.Release|Any CPU.ActiveCfg = Release|Any CPU
		{2CCBBC42-1252-4E15-A16F-E0F802977FB7}.Release|Any CPU.Build.0 = Release|Any CPU
	EndGlobalSection
	GlobalSection(SolutionProperties) = preSolution
		HideSolutionNode = FALSE
	EndGlobalSection
	GlobalSection(ExtensibilityGlobals) = postSolution
		SolutionGuid = {9B0456FE-8887-4F1B-9244-84404F1E350F}
	EndGlobalSection
EndGlobal
